# This file is autogenerated, do not edit; changes may be undone by the next 'dep ensure'.


[[projects]]
  branch = "master"
  name = "github.com/Knetic/govaluate"
  packages = ["."]
  revision = "9aa49832a739dcd78a5542ff189fb82c3e423116"

[[projects]]
  name = "github.com/mattn/go-runewidth"
  packages = ["."]
  revision = "9e777a8366cce605130a531d2cd6363d07ad7317"
  version = "v0.0.2"

[[projects]]
  branch = "master"
  name = "github.com/olekukonko/tablewriter"
  packages = ["."]
  revision = "b8a9be070da40449e501c3c4730a889e42d87a9e"

[[projects]]
  branch = "master"
  name = "github.com/soh335/sliceflag"
  packages = ["."]
  revision = "d2d28a5acab8b2ad159a74b65288bf1218e43340"

[solve-meta]
  analyzer-name = "dep"
  analyzer-version = 1
  inputs-digest = "4856e1cf83e8528b717df75f9657a94b2755730a2891e8a0d46fa05fc4d2f90d"
  solver-name = "gps-cdcl"
  solver-version = 1
